
Microsoft Visual Studio Solution File, Format Version 12.00
# Visual Studio Version 17
VisualStudioVersion = 17.0.31919.166
MinimumVisualStudioVersion = 10.0.40219.1
Project("{9A19103F-16F7-4668-BE54-9A1E7A4F7556}") = "web", "web\web.csproj", "{8AC76D85-126D-46A8-82C1-8366F3245B8D}"
EndProject
Project("{9A19103F-16F7-4668-BE54-9A1E7A4F7556}") = "weblib", "weblib\weblib.csproj", "{BDDC8C9C-B231-497B-8CE5-2E0B1CF1273D}"
EndProject
Project("{9A19103F-16F7-4668-BE54-9A1E7A4F7556}") = "idp", "idp\idp.csproj", "{C3B6C281-342D-437A-BE85-0C3FB4000B66}"
EndProject
Project("{9A19103F-16F7-4668-BE54-9A1E7A4F7556}") = "idp.testconsole", "idp.testconsole\idp.testconsole.csproj", "{6C147CB8-5B67-4E13-B359-8A61078706B6}"
EndProject
Project("{2150E333-8FDC-42A3-9474-1A3956D46DE8}") = "Solution Items", "Solution Items", "{CF11BC2B-807D-406B-BEB9-1C199C5AA3DE}"
	ProjectSection(SolutionItems) = preProject
		README.MD = README.MD
	EndProjectSection
EndProject
Project("{9A19103F-16F7-4668-BE54-9A1E7A4F7556}") = "web.auth", "web.auth\web.auth.csproj", "{7703420B-4781-4F56-9C7D-5AA5D9A55C2E}"
EndProject
Project("{9A19103F-16F7-4668-BE54-9A1E7A4F7556}") = "WCFSelfHost", "WCFSelfHost\WCFSelfHost.csproj", "{3B678749-8D21-4085-A89A-1D5377B94375}"
EndProject
Project("{9A19103F-16F7-4668-BE54-9A1E7A4F7556}") = "WCFClient", "WCFClient\WCFClient.csproj", "{5361F04D-7EFF-47DC-8E01-BC1E515EE651}"
EndProject
Project("{FAE04EC0-301F-11D3-BF4B-00C04F79EFBC}") = "GrpcGreeter", "GrpcGreeter\GrpcGreeter.csproj", "{7842F8C1-CD68-456B-9F8F-1670CCDEDFFF}"
EndProject
Project("{FAE04EC0-301F-11D3-BF4B-00C04F79EFBC}") = "GrpcGreeterClient", "GrpcGreeterClient\GrpcGreeterClient.csproj", "{9FA15AAA-55CC-4292-9A2D-7E7AD33851A3}"
EndProject
Project("{FAE04EC0-301F-11D3-BF4B-00C04F79EFBC}") = "Shared.Contracts", "Shared.Contracts\Shared.Contracts.csproj", "{A89E6807-3EAE-4687-8629-7393C05E5092}"
EndProject
Project("{FAE04EC0-301F-11D3-BF4B-00C04F79EFBC}") = "GrpcGreeterCodeFirst", "GrpcGreeterCodeFirst\GrpcGreeterCodeFirst.csproj", "{72A2B17B-44C2-44D2-AE3F-000C4C9C4D18}"
EndProject
Project("{FAE04EC0-301F-11D3-BF4B-00C04F79EFBC}") = "GrpcGreeterClientCodeFirst", "GrpcGreeterClientCodeFirst\GrpcGreeterClientCodeFirst.csproj", "{133B2117-5FCA-4F22-B6FB-E40A38531F66}"
EndProject
Global
	GlobalSection(SolutionConfigurationPlatforms) = preSolution
		Debug|Any CPU = Debug|Any CPU
		Release|Any CPU = Release|Any CPU
	EndGlobalSection
	GlobalSection(ProjectConfigurationPlatforms) = postSolution
		{8AC76D85-126D-46A8-82C1-8366F3245B8D}.Debug|Any CPU.ActiveCfg = Debug|Any CPU
		{8AC76D85-126D-46A8-82C1-8366F3245B8D}.Debug|Any CPU.Build.0 = Debug|Any CPU
		{8AC76D85-126D-46A8-82C1-8366F3245B8D}.Release|Any CPU.ActiveCfg = Release|Any CPU
		{8AC76D85-126D-46A8-82C1-8366F3245B8D}.Release|Any CPU.Build.0 = Release|Any CPU
		{BDDC8C9C-B231-497B-8CE5-2E0B1CF1273D}.Debug|Any CPU.ActiveCfg = Debug|Any CPU
		{BDDC8C9C-B231-497B-8CE5-2E0B1CF1273D}.Debug|Any CPU.Build.0 = Debug|Any CPU
		{BDDC8C9C-B231-497B-8CE5-2E0B1CF1273D}.Release|Any CPU.ActiveCfg = Release|Any CPU
		{BDDC8C9C-B231-497B-8CE5-2E0B1CF1273D}.Release|Any CPU.Build.0 = Release|Any CPU
		{C3B6C281-342D-437A-BE85-0C3FB4000B66}.Debug|Any CPU.ActiveCfg = Debug|Any CPU
		{C3B6C281-342D-437A-BE85-0C3FB4000B66}.Debug|Any CPU.Build.0 = Debug|Any CPU
		{C3B6C281-342D-437A-BE85-0C3FB4000B66}.Release|Any CPU.ActiveCfg = Release|Any CPU
		{C3B6C281-342D-437A-BE85-0C3FB4000B66}.Release|Any CPU.Build.0 = Release|Any CPU
		{6C147CB8-5B67-4E13-B359-8A61078706B6}.Debug|Any CPU.ActiveCfg = Debug|Any CPU
		{6C147CB8-5B67-4E13-B359-8A61078706B6}.Debug|Any CPU.Build.0 = Debug|Any CPU
		{6C147CB8-5B67-4E13-B359-8A61078706B6}.Release|Any CPU.ActiveCfg = Release|Any CPU
		{6C147CB8-5B67-4E13-B359-8A61078706B6}.Release|Any CPU.Build.0 = Release|Any CPU
		{7703420B-4781-4F56-9C7D-5AA5D9A55C2E}.Debug|Any CPU.ActiveCfg = Debug|Any CPU
		{7703420B-4781-4F56-9C7D-5AA5D9A55C2E}.Debug|Any CPU.Build.0 = Debug|Any CPU
		{7703420B-4781-4F56-9C7D-5AA5D9A55C2E}.Release|Any CPU.ActiveCfg = Release|Any CPU
		{7703420B-4781-4F56-9C7D-5AA5D9A55C2E}.Release|Any CPU.Build.0 = Release|Any CPU
		{3B678749-8D21-4085-A89A-1D5377B94375}.Debug|Any CPU.ActiveCfg = Debug|Any CPU
		{3B678749-8D21-4085-A89A-1D5377B94375}.Debug|Any CPU.Build.0 = Debug|Any CPU
		{3B678749-8D21-4085-A89A-1D5377B94375}.Release|Any CPU.ActiveCfg = Release|Any CPU
		{3B678749-8D21-4085-A89A-1D5377B94375}.Release|Any CPU.Build.0 = Release|Any CPU
		{5361F04D-7EFF-47DC-8E01-BC1E515EE651}.Debug|Any CPU.ActiveCfg = Debug|Any CPU
		{5361F04D-7EFF-47DC-8E01-BC1E515EE651}.Debug|Any CPU.Build.0 = Debug|Any CPU
		{5361F04D-7EFF-47DC-8E01-BC1E515EE651}.Release|Any CPU.ActiveCfg = Release|Any CPU
		{5361F04D-7EFF-47DC-8E01-BC1E515EE651}.Release|Any CPU.Build.0 = Release|Any CPU
		{7842F8C1-CD68-456B-9F8F-1670CCDEDFFF}.Debug|Any CPU.ActiveCfg = Debug|Any CPU
		{7842F8C1-CD68-456B-9F8F-1670CCDEDFFF}.Debug|Any CPU.Build.0 = Debug|Any CPU
		{7842F8C1-CD68-456B-9F8F-1670CCDEDFFF}.Release|Any CPU.ActiveCfg = Release|Any CPU
		{7842F8C1-CD68-456B-9F8F-1670CCDEDFFF}.Release|Any CPU.Build.0 = Release|Any CPU
		{9FA15AAA-55CC-4292-9A2D-7E7AD33851A3}.Debug|Any CPU.ActiveCfg = Debug|Any CPU
		{9FA15AAA-55CC-4292-9A2D-7E7AD33851A3}.Debug|Any CPU.Build.0 = Debug|Any CPU
		{9FA15AAA-55CC-4292-9A2D-7E7AD33851A3}.Release|Any CPU.ActiveCfg = Release|Any CPU
		{9FA15AAA-55CC-4292-9A2D-7E7AD33851A3}.Release|Any CPU.Build.0 = Release|Any CPU
		{A89E6807-3EAE-4687-8629-7393C05E5092}.Debug|Any CPU.ActiveCfg = Debug|Any CPU
		{A89E6807-3EAE-4687-8629-7393C05E5092}.Debug|Any CPU.Build.0 = Debug|Any CPU
		{A89E6807-3EAE-4687-8629-7393C05E5092}.Release|Any CPU.ActiveCfg = Release|Any CPU
		{A89E6807-3EAE-4687-8629-7393C05E5092}.Release|Any CPU.Build.0 = Release|Any CPU
		{72A2B17B-44C2-44D2-AE3F-000C4C9C4D18}.Debug|Any CPU.ActiveCfg = Debug|Any CPU
		{72A2B17B-44C2-44D2-AE3F-000C4C9C4D18}.Debug|Any CPU.Build.0 = Debug|Any CPU
		{72A2B17B-44C2-44D2-AE3F-000C4C9C4D18}.Release|Any CPU.ActiveCfg = Release|Any CPU
		{72A2B17B-44C2-44D2-AE3F-000C4C9C4D18}.Release|Any CPU.Build.0 = Release|Any CPU
		{133B2117-5FCA-4F22-B6FB-E40A38531F66}.Debug|Any CPU.ActiveCfg = Debug|Any CPU
		{133B2117-5FCA-4F22-B6FB-E40A38531F66}.Debug|Any CPU.Build.0 = Debug|Any CPU
		{133B2117-5FCA-4F22-B6FB-E40A38531F66}.Release|Any CPU.ActiveCfg = Release|Any CPU
		{133B2117-5FCA-4F22-B6FB-E40A38531F66}.Release|Any CPU.Build.0 = Release|Any CPU
	EndGlobalSection
	GlobalSection(SolutionProperties) = preSolution
		HideSolutionNode = FALSE
	EndGlobalSection
	GlobalSection(ExtensibilityGlobals) = postSolution
		SolutionGuid = {81E46D4C-3522-4EC9-84F9-177035304054}
	EndGlobalSection
EndGlobal
